// !$*UTF8*$!
{
	archiveVersion = 1;
	classes = {
	};
	objectVersion = 46;
	objects = {

/* Begin PBXBuildFile section */
		892789181C9C9BA9005D7A82 /* AppDelegate.swift in Sources */ = {isa = PBXBuildFile; fileRef = 892789171C9C9BA9005D7A82 /* AppDelegate.swift */; };
		8927891A1C9C9BA9005D7A82 /* MemeViewController.swift in Sources */ = {isa = PBXBuildFile; fileRef = 892789191C9C9BA9005D7A82 /* MemeViewController.swift */; };
		8927891D1C9C9BA9005D7A82 /* Main.storyboard in Resources */ = {isa = PBXBuildFile; fileRef = 8927891B1C9C9BA9005D7A82 /* Main.storyboard */; };
		8927891F1C9C9BA9005D7A82 /* Assets.xcassets in Resources */ = {isa = PBXBuildFile; fileRef = 8927891E1C9C9BA9005D7A82 /* Assets.xcassets */; };
		892789221C9C9BA9005D7A82 /* LaunchScreen.storyboard in Resources */ = {isa = PBXBuildFile; fileRef = 892789201C9C9BA9005D7A82 /* LaunchScreen.storyboard */; };
		896D72521CAEC49A00526224 /* MemeTableViewController.swift in Sources */ = {isa = PBXBuildFile; fileRef = 896D72511CAEC49A00526224 /* MemeTableViewController.swift */; };
		896D72541CAEC4B800526224 /* MemeCollectionViewController.swift in Sources */ = {isa = PBXBuildFile; fileRef = 896D72531CAEC4B800526224 /* MemeCollectionViewController.swift */; };
		89B1D30C1CA994DC0065E65D /* Meme.swift in Sources */ = {isa = PBXBuildFile; fileRef = 89B1D30B1CA994DC0065E65D /* Meme.swift */; };
		89D81E1F1CB2C83600D26C48 /* MemeCollectionViewCell.swift in Sources */ = {isa = PBXBuildFile; fileRef = 89D81E1E1CB2C83600D26C48 /* MemeCollectionViewCell.swift */; };
/* End PBXBuildFile section */

/* Begin PBXFileReference section */
		892789141C9C9BA9005D7A82 /* TestMeme.app */ = {isa = PBXFileReference; explicitFileType = wrapper.application; includeInIndex = 0; path = TestMeme.app; sourceTree = BUILT_PRODUCTS_DIR; };
		892789171C9C9BA9005D7A82 /* AppDelegate.swift */ = {isa = PBXFileReference; lastKnownFileType = sourcecode.swift; path = AppDelegate.swift; sourceTree = "<group>"; };
		892789191C9C9BA9005D7A82 /* MemeViewController.swift */ = {isa = PBXFileReference; lastKnownFileType = sourcecode.swift; path = MemeViewController.swift; sourceTree = "<group>"; };
		8927891C1C9C9BA9005D7A82 /* Base */ = {isa = PBXFileReference; lastKnownFileType = file.storyboard; name = Base; path = Base.lproj/Main.storyboard; sourceTree = "<group>"; };
		8927891E1C9C9BA9005D7A82 /* Assets.xcassets */ = {isa = PBXFileReference; lastKnownFileType = folder.assetcatalog; path = Assets.xcassets; sourceTree = "<group>"; };
		892789211C9C9BA9005D7A82 /* Base */ = {isa = PBXFileReference; lastKnownFileType = file.storyboard; name = Base; path = Base.lproj/LaunchScreen.storyboard; sourceTree = "<group>"; };
		892789231C9C9BA9005D7A82 /* Info.plist */ = {isa = PBXFileReference; lastKnownFileType = text.plist.xml; path = Info.plist; sourceTree = "<group>"; };
		896D72511CAEC49A00526224 /* MemeTableViewController.swift */ = {isa = PBXFileReference; fileEncoding = 4; lastKnownFileType = sourcecode.swift; path = MemeTableViewController.swift; sourceTree = "<group>"; };
		896D72531CAEC4B800526224 /* MemeCollectionViewController.swift */ = {isa = PBXFileReference; fileEncoding = 4; lastKnownFileType = sourcecode.swift; path = MemeCollectionViewController.swift; sourceTree = "<group>"; };
		89B1D30B1CA994DC0065E65D /* Meme.swift */ = {isa = PBXFileReference; fileEncoding = 4; lastKnownFileType = sourcecode.swift; path = Meme.swift; sourceTree = "<group>"; };
		89D81E1E1CB2C83600D26C48 /* MemeCollectionViewCell.swift */ = {isa = PBXFileReference; fileEncoding = 4; lastKnownFileType = sourcecode.swift; path = MemeCollectionViewCell.swift; sourceTree = "<group>"; };
/* End PBXFileReference section */

/* Begin PBXFrameworksBuildPhase section */
		892789111C9C9BA9005D7A82 /* Frameworks */ = {
			isa = PBXFrameworksBuildPhase;
			buildActionMask = 2147483647;
			files = (
			);
			runOnlyForDeploymentPostprocessing = 0;
		};
/* End PBXFrameworksBuildPhase section */

/* Begin PBXGroup section */
		8927890B1C9C9BA9005D7A82 = {
			isa = PBXGroup;
			children = (
				892789161C9C9BA9005D7A82 /* TestMeme */,
				892789151C9C9BA9005D7A82 /* Products */,
			);
			sourceTree = "<group>";
		};
		892789151C9C9BA9005D7A82 /* Products */ = {
			isa = PBXGroup;
			children = (
				892789141C9C9BA9005D7A82 /* TestMeme.app */,
			);
			name = Products;
			sourceTree = "<group>";
		};
		892789161C9C9BA9005D7A82 /* TestMeme */ = {
			isa = PBXGroup;
			children = (
				892789171C9C9BA9005D7A82 /* AppDelegate.swift */,
				892789191C9C9BA9005D7A82 /* MemeViewController.swift */,
				8927891B1C9C9BA9005D7A82 /* Main.storyboard */,
				8927891E1C9C9BA9005D7A82 /* Assets.xcassets */,
				892789201C9C9BA9005D7A82 /* LaunchScreen.storyboard */,
				892789231C9C9BA9005D7A82 /* Info.plist */,
				89B1D30B1CA994DC0065E65D /* Meme.swift */,
				896D72531CAEC4B800526224 /* MemeCollectionViewController.swift */,
				896D72511CAEC49A00526224 /* MemeTableViewController.swift */,
				89D81E1E1CB2C83600D26C48 /* MemeCollectionViewCell.swift */,
			);
			path = TestMeme;
			sourceTree = "<group>";
		};
/* End PBXGroup section */

/* Begin PBXNativeTarget section */
		892789131C9C9BA9005D7A82 /* TestMeme */ = {
			isa = PBXNativeTarget;
			buildConfigurationList = 892789261C9C9BA9005D7A82 /* Build configuration list for PBXNativeTarget "TestMeme" */;
			buildPhases = (
				892789101C9C9BA9005D7A82 /* Sources */,
				892789111C9C9BA9005D7A82 /* Frameworks */,
				892789121C9C9BA9005D7A82 /* Resources */,
			);
			buildRules = (
			);
			dependencies = (
			);
			name = TestMeme;
			productName = TestMeme;
			productReference = 892789141C9C9BA9005D7A82 /* TestMeme.app */;
			productType = "com.apple.product-type.application";
		};
/* End PBXNativeTarget section */

/* Begin PBXProject section */
		8927890C1C9C9BA9005D7A82 /* Project object */ = {
			isa = PBXProject;
			attributes = {
				LastSwiftUpdateCheck = 0720;
				LastUpgradeCheck = 0720;
				ORGANIZATIONNAME = JeffRipke;
				TargetAttributes = {
					892789131C9C9BA9005D7A82 = {
						CreatedOnToolsVersion = 7.2.1;
					};
				};
			};
			buildConfigurationList = 8927890F1C9C9BA9005D7A82 /* Build configuration list for PBXProject "TestMeme" */;
			compatibilityVersion = "Xcode 3.2";
			developmentRegion = English;
			hasScannedForEncodings = 0;
			knownRegions = (
				en,
				Base,
			);
			mainGroup = 8927890B1C9C9BA9005D7A82;
			productRefGroup = 892789151C9C9BA9005D7A82 /* Products */;
			projectDirPath = "";
			projectRoot = "";
			targets = (
				892789131C9C9BA9005D7A82 /* TestMeme */,
			);
		};
/* End PBXProject section */

/* Begin PBXResourcesBuildPhase section */
		892789121C9C9BA9005D7A82 /* Resources */ = {
			isa = PBXResourcesBuildPhase;
			buildActionMask = 2147483647;
			files = (
				892789221C9C9BA9005D7A82 /* LaunchScreen.storyboard in Resources */,
				8927891F1C9C9BA9005D7A82 /* Assets.xcassets in Resources */,
				8927891D1C9C9BA9005D7A82 /* Main.storyboard in Resources */,
			);
			runOnlyForDeploymentPostprocessing = 0;
		};
/* End PBXResourcesBuildPhase section */

/* Begin PBXSourcesBuildPhase section */
		892789101C9C9BA9005D7A82 /* Sources */ = {
			isa = PBXSourcesBuildPhase;
			buildActionMask = 2147483647;
			files = (
				89D81E1F1CB2C83600D26C48 /* MemeCollectionViewCell.swift in Sources */,
				89B1D30C1CA994DC0065E65D /* Meme.swift in Sources */,
				8927891A1C9C9BA9005D7A82 /* MemeViewController.swift in Sources */,
				896D72541CAEC4B800526224 /* MemeCollectionViewController.swift in Sources */,
				892789181C9C9BA9005D7A82 /* AppDelegate.swift in Sources */,
				896D72521CAEC49A00526224 /* MemeTableViewController.swift in Sources */,
			);
			runOnlyForDeploymentPostprocessing = 0;
		};
/* End PBXSourcesBuildPhase section */

/* Begin PBXVariantGroup section */
		8927891B1C9C9BA9005D7A82 /* Main.storyboard */ = {
			isa = PBXVariantGroup;
			children = (
				8927891C1C9C9BA9005D7A82 /* Base */,
			);
			name = Main.storyboard;
			sourceTree = "<group>";
		};
		892789201C9C9BA9005D7A82 /* LaunchScreen.storyboard */ = {
			isa = PBXVariantGroup;
			children = (
				892789211C9C9BA9005D7A82 /* Base */,
			);
			name = LaunchScreen.storyboard;
			sourceTree = "<group>";
		};
/* End PBXVariantGroup section */

/* Begin XCBuildConfiguration section */
		892789241C9C9BA9005D7A82 /* Debug */ = {
			isa = XCBuildConfiguration;
			buildSettings = {
				ALWAYS_SEARCH_USER_PATHS = NO;
				CLANG_CXX_LANGUAGE_STANDARD = "gnu++0x";
				CLANG_CXX_LIBRARY = "libc++";
				CLANG_ENABLE_MODULES = YES;
				CLANG_ENABLE_OBJC_ARC = YES;
				CLANG_WARN_BOOL_CONVERSION = YES;
				CLANG_WARN_CONSTANT_CONVERSION = YES;
				CLANG_WARN_DIRECT_OBJC_ISA_USAGE = YES_ERROR;
				CLANG_WARN_EMPTY_BODY = YES;
				CLANG_WARN_ENUM_CONVERSION = YES;
				CLANG_WARN_INT_CONVERSION = YES;
				CLANG_WARN_OBJC_ROOT_CLASS = YES_ERROR;
				CLANG_WARN_UNREACHABLE_CODE = YES;
				CLANG_WARN__DUPLICATE_METHOD_MATCH = YES;
				"CODE_SIGN_IDENTITY[sdk=iphoneos*]" = "iPhone Developer";
				COPY_PHASE_STRIP = NO;
				DEBUG_INFORMATION_FORMAT = dwarf;
				ENABLE_STRICT_OBJC_MSGSEND = YES;
				ENABLE_TESTABILITY = YES;
				GCC_C_LANGUAGE_STANDARD = gnu99;
				GCC_DYNAMIC_NO_PIC = NO;
				GCC_NO_COMMON_BLOCKS = YES;
				GCC_OPTIMIZATION_LEVEL = 0;
				GCC_PREPROCESSOR_DEFINITIONS = (
					"DEBUG=1",
					"$(inherited)",
				);
				GCC_WARN_64_TO_32_BIT_CONVERSION = YES;
				GCC_WARN_ABOUT_RETURN_TYPE = YES_ERROR;
				GCC_WARN_UNDECLARED_SELECTOR = YES;
				GCC_WARN_UNINITIALIZED_AUTOS = YES_AGGRESSIVE;
				GCC_WARN_UNUSED_FUNCTION = YES;
				GCC_WARN_UNUSED_VARIABLE = YES;
				IPHONEOS_DEPLOYMENT_TARGET = 9.2;
				MTL_ENABLE_DEBUG_INFO = YES;
				ONLY_ACTIVE_ARCH = YES;
				SDKROOT = iphoneos;
				SWIFT_OPTIMIZATION_LEVEL = "-Onone";
				TARGETED_DEVICE_FAMILY = "1,2";
			};
			name = Debug;
		};
		892789251C9C9BA9005D7A82 /* Release */ = {
			isa = XCBuildConfiguration;
			buildSettings = {
				ALWAYS_SEARCH_USER_PATHS = NO;
				CLANG_CXX_LANGUAGE_STANDARD = "gnu++0x";
				CLANG_CXX_LIBRARY = "libc++";
				CLANG_ENABLE_MODULES = YES;
				CLANG_ENABLE_OBJC_ARC = YES;
				CLANG_WARN_BOOL_CONVERSION = YES;
				CLANG_WARN_CONSTANT_CONVERSION = YES;
				CLANG_WARN_DIRECT_OBJC_ISA_USAGE = YES_ERROR;
				CLANG_WARN_EMPTY_BODY = YES;
				CLANG_WARN_ENUM_CONVERSION = YES;
				CLANG_WARN_INT_CONVERSION = YES;
				CLANG_WARN_OBJC_ROOT_CLASS = YES_ERROR;
				CLANG_WARN_UNREACHABLE_CODE = YES;
				CLANG_WARN__DUPLICATE_METHOD_MATCH = YES;
				"CODE_SIGN_IDENTITY[sdk=iphoneos*]" = "iPhone Developer";
				COPY_PHASE_STRIP = NO;
				DEBUG_INFORMATION_FORMAT = "dwarf-with-dsym";
				ENABLE_NS_ASSERTIONS = NO;
				ENABLE_STRICT_OBJC_MSGSEND = YES;
				GCC_C_LANGUAGE_STANDARD = gnu99;
				GCC_NO_COMMON_BLOCKS = YES;
				GCC_WARN_64_TO_32_BIT_CONVERSION = YES;
				GCC_WARN_ABOUT_RETURN_TYPE = YES_ERROR;
				GCC_WARN_UNDECLARED_SELECTOR = YES;
				GCC_WARN_UNINITIALIZED_AUTOS = YES_AGGRESSIVE;
				GCC_WARN_UNUSED_FUNCTION = YES;
				GCC_WARN_UNUSED_VARIABLE = YES;
				IPHONEOS_DEPLOYMENT_TARGET = 9.2;
				MTL_ENABLE_DEBUG_INFO = NO;
				SDKROOT = iphoneos;
				TARGETED_DEVICE_FAMILY = "1,2";
				VALIDATE_PRODUCT = YES;
			};
			name = Release;
		};
		892789271C9C9BA9005D7A82 /* Debug */ = {
			isa = XCBuildConfiguration;
			buildSettings = {
				ASSETCATALOG_COMPILER_APPICON_NAME = AppIcon;
				INFOPLIST_FILE = TestMeme/Info.plist;
				LD_RUNPATH_SEARCH_PATHS = "$(inherited) @executable_path/Frameworks";
				PRODUCT_BUNDLE_IDENTIFIER = com.jeffripke.TestMeme;
				PRODUCT_NAME = "$(TARGET_NAME)";
			};
			name = Debug;
		};
		892789281C9C9BA9005D7A82 /* Release */ = {
			isa = XCBuildConfiguration;
			buildSettings = {
				ASSETCATALOG_COMPILER_APPICON_NAME = AppIcon;
				INFOPLIST_FILE = TestMeme/Info.plist;
				LD_RUNPATH_SEARCH_PATHS = "$(inherited) @executable_path/Frameworks";
				PRODUCT_BUNDLE_IDENTIFIER = com.jeffripke.TestMeme;
				PRODUCT_NAME = "$(TARGET_NAME)";
			};
			name = Release;
		};
/* End XCBuildConfiguration section */

/* Begin XCConfigurationList section */
		8927890F1C9C9BA9005D7A82 /* Build configuration list for PBXProject "TestMeme" */ = {
			isa = XCConfigurationList;
			buildConfigurations = (
				892789241C9C9BA9005D7A82 /* Debug */,
				892789251C9C9BA9005D7A82 /* Release */,
			);
			defaultConfigurationIsVisible = 0;
			defaultConfigurationName = Release;
		};
		892789261C9C9BA9005D7A82 /* Build configuration list for PBXNativeTarget "TestMeme" */ = {
			isa = XCConfigurationList;
			buildConfigurations = (
				892789271C9C9BA9005D7A82 /* Debug */,
				892789281C9C9BA9005D7A82 /* Release */,
			);
			defaultConfigurationIsVisible = 0;
			defaultConfigurationName = Release;
		};
/* End XCConfigurationList section */
	};
	rootObject = 8927890C1C9C9BA9005D7A82 /* Project object */;
}
